
Microsoft Visual Studio Solution File, Format Version 12.00
# Visual Studio Version 16
VisualStudioVersion = 16.0.29920.165
MinimumVisualStudioVersion = 10.0.40219.1
Project("{FAE04EC0-301F-11D3-BF4B-00C04F79EFBC}") = "ComboBoxTextAlign", "ComboBoxTextAlign.csproj", "{9E0B1C3D-344C-4B18-ADBC-579680F3E7F7}"
EndProject
Global
	GlobalSection(SolutionConfigurationPlatforms) = preSolution
		Debug|Any CPU = Debug|Any CPU
		Release|Any CPU = Release|Any CPU
	EndGlobalSection
	GlobalSection(ProjectConfigurationPlatforms) = postSolution
		{9E0B1C3D-344C-4B18-ADBC-579680F3E7F7}.Debug|Any CPU.ActiveCfg = Debug|Any CPU
		{9E0B1C3D-344C-4B18-ADBC-579680F3E7F7}.Debug|Any CPU.Build.0 = Debug|Any CPU
		{9E0B1C3D-344C-4B18-ADBC-579680F3E7F7}.Release|Any CPU.ActiveCfg = Release|Any CPU
		{9E0B1C3D-344C-4B18-ADBC-579680F3E7F7}.Release|Any CPU.Build.0 = Release|Any CPU
	EndGlobalSection
	GlobalSection(SolutionProperties) = preSolution
		HideSolutionNode = FALSE
	EndGlobalSection
	GlobalSection(ExtensibilityGlobals) = postSolution
		SolutionGuid = {86C76428-C977-49DA-AEB7-19168D452306}
	EndGlobalSection
EndGlobal
